<?xml version="1.0" encoding="utf-8"?>
<Project ToolsVersion="4.0" xmlns="http://schemas.microsoft.com/developer/msbuild/2003">
  <ItemGroup>
    <ClCompile Include="AllTests.cpp" />
    <ClCompile Include="src\bsp\ComInput_Test.cpp">
      <Filter>src</Filter>
    </ClCompile>
    <ClCompile Include="src\bsp\ComInputADC_Test.cpp">
      <Filter>src</Filter>
    </ClCompile>
    <ClCompile Include="src\bsp\ComInputADCSpy.c">
      <Filter>src</Filter>
    </ClCompile>
    <ClCompile Include="src\bsp\ComInputDI_Test.cpp">
      <Filter>src</Filter>
    </ClCompile>
    <ClCompile Include="src\bsp\ComInputDISpy.c">
      <Filter>src</Filter>
    </ClCompile>
    <ClCompile Include="src\bsp\Funstate_Test.cpp">
      <Filter>src</Filter>
    </ClCompile>
    <ClCompile Include="src\bsp\Queue_Test.cpp">
      <Filter>src</Filter>
    </ClCompile>
    <ClCompile Include="src\bsp\relay_Test.cpp">
      <Filter>src</Filter>
    </ClCompile>
    <ClCompile Include="src\bsp\RTCom3_Test.cpp">
      <Filter>src</Filter>
    </ClCompile>
    <ClCompile Include="src\bsp\RTCom3Rec_Test.cpp">
      <Filter>src</Filter>
    </ClCompile>
    <ClCompile Include="src\util\Atom_Test.cpp">
      <Filter>src</Filter>
    </ClCompile>
    <ClCompile Include="src\util\StackA_Test.cpp">
      <Filter>src</Filter>
    </ClCompile>
    <ClCompile Include="src\bsp\Valve_Test.cpp">
      <Filter>src</Filter>
    </ClCompile>
    <ClCompile Include="src\bsp\RTCom2_Test.cpp">
      <Filter>src</Filter>
    </ClCompile>
    <ClCompile Include="src\bsp\spy.c" />
  </ItemGroup>
  <ItemGroup>
    <ClInclude Include="AllTests.h" />
    <ClInclude Include="src\bsp\ComInputADCSpy.h">
      <Filter>src</Filter>
    </ClInclude>
    <ClInclude Include="src\bsp\ComInputDISpy.h">
      <Filter>src</Filter>
    </ClInclude>
    <ClInclude Include="src\bsp\spy.h" />
  </ItemGroup>
  <ItemGroup>
    <Filter Include="src">
      <UniqueIdentifier>{72524732-f64b-4437-ba2e-868d333d95f7}</UniqueIdentifier>
    </Filter>
  </ItemGroup>
</Project>