<?xml version="1.0" encoding="utf-8"?>
<Project ToolsVersion="4.0" xmlns="http://schemas.microsoft.com/developer/msbuild/2003">
  <ItemGroup>
    <Filter Include="inc">
      <UniqueIdentifier>{22be97ee-e302-42fd-b6d9-be77513d4914}</UniqueIdentifier>
    </Filter>
    <Filter Include="src">
      <UniqueIdentifier>{e794facd-5e05-415e-a33b-1eee7bbd9d90}</UniqueIdentifier>
    </Filter>
    <Filter Include="src\bsp">
      <UniqueIdentifier>{13e265d7-ecd0-4e71-945b-78b0c45d508b}</UniqueIdentifier>
    </Filter>
    <Filter Include="src\util">
      <UniqueIdentifier>{e5971a96-2baa-47d4-b701-9b8a268ba1b7}</UniqueIdentifier>
    </Filter>
    <Filter Include="src\user">
      <UniqueIdentifier>{6260533c-fd3b-43ce-b993-a89d9155d17b}</UniqueIdentifier>
    </Filter>
  </ItemGroup>
  <ItemGroup>
    <ClCompile Include="src\bsp\ComInput.c">
      <Filter>src\bsp</Filter>
    </ClCompile>
    <ClCompile Include="src\bsp\ComInputADC.c">
      <Filter>src\bsp</Filter>
    </ClCompile>
    <ClCompile Include="src\bsp\ComInputDI.c">
      <Filter>src\bsp</Filter>
    </ClCompile>
    <ClCompile Include="src\bsp\relay.c">
      <Filter>src\bsp</Filter>
    </ClCompile>
    <ClCompile Include="src\bsp\RTCom3rec.c">
      <Filter>src\bsp</Filter>
    </ClCompile>
    <ClCompile Include="src\bsp\RTCom3send.c">
      <Filter>src\bsp</Filter>
    </ClCompile>
    <ClCompile Include="src\bsp\StateRunFunction.c">
      <Filter>src\bsp</Filter>
    </ClCompile>
    <ClCompile Include="src\bsp\valve.c">
      <Filter>src\bsp</Filter>
    </ClCompile>
    <ClCompile Include="src\util\assert.c">
      <Filter>src\util</Filter>
    </ClCompile>
    <ClCompile Include="src\util\atom.c">
      <Filter>src\util</Filter>
    </ClCompile>
    <ClCompile Include="src\util\except.c">
      <Filter>src\util</Filter>
    </ClCompile>
    <ClCompile Include="src\util\mem.c">
      <Filter>src\util</Filter>
    </ClCompile>
    <ClCompile Include="src\util\Stack_a.c">
      <Filter>src\util</Filter>
    </ClCompile>
    <ClCompile Include="src\util\Funstate.c">
      <Filter>src\bsp</Filter>
    </ClCompile>
    <ClCompile Include="src\util\Queue.c">
      <Filter>src\bsp</Filter>
    </ClCompile>
    <ClCompile Include="src\bsp\stm32_ub_led.c">
      <Filter>src\user</Filter>
    </ClCompile>
    <ClCompile Include="src\bsp\stm32f10x_it.c">
      <Filter>src\user</Filter>
    </ClCompile>
    <ClCompile Include="src\bsp\task.c">
      <Filter>src\user</Filter>
    </ClCompile>
    <ClCompile Include="src\bsp\Tsystick.c">
      <Filter>src\user</Filter>
    </ClCompile>
    <ClCompile Include="src\bsp\RTCom2.c" />
  </ItemGroup>
  <ItemGroup>
    <ClInclude Include="inc\comm.h">
      <Filter>inc</Filter>
    </ClInclude>
    <ClInclude Include="inc\RTCom2.h" />
  </ItemGroup>
  <ItemGroup>
    <None Include="..\..\README.txt" />
  </ItemGroup>
</Project>